
Microsoft Visual Studio Solution File, Format Version 12.00
# Visual Studio 15
VisualStudioVersion = 15.0.27004.2009
MinimumVisualStudioVersion = 10.0.40219.1
Project("{FAE04EC0-301F-11D3-BF4B-00C04F79EFBC}") = "EmployeeApp", "EmployeeApp\EmployeeApp.csproj", "{9E860E3C-0733-4F91-9C3F-0A64BF7CD5F2}"
EndProject
Global
	GlobalSection(SolutionConfigurationPlatforms) = preSolution
		Debug|Any CPU = Debug|Any CPU
		Release|Any CPU = Release|Any CPU
	EndGlobalSection
	GlobalSection(ProjectConfigurationPlatforms) = postSolution
		{9E860E3C-0733-4F91-9C3F-0A64BF7CD5F2}.Debug|Any CPU.ActiveCfg = Debug|Any CPU
		{9E860E3C-0733-4F91-9C3F-0A64BF7CD5F2}.Debug|Any CPU.Build.0 = Debug|Any CPU
		{9E860E3C-0733-4F91-9C3F-0A64BF7CD5F2}.Release|Any CPU.ActiveCfg = Release|Any CPU
		{9E860E3C-0733-4F91-9C3F-0A64BF7CD5F2}.Release|Any CPU.Build.0 = Release|Any CPU
	EndGlobalSection
	GlobalSection(SolutionProperties) = preSolution
		HideSolutionNode = FALSE
	EndGlobalSection
	GlobalSection(ExtensibilityGlobals) = postSolution
		SolutionGuid = {2919EC17-760A-444A-A6EF-8837577DB2C7}
	EndGlobalSection
EndGlobal
