
Microsoft Visual Studio Solution File, Format Version 12.00
# Visual Studio 15
VisualStudioVersion = 15.0.27004.2006
MinimumVisualStudioVersion = 10.0.40219.1
Project("{FAE04EC0-301F-11D3-BF4B-00C04F79EFBC}") = "WireUp", "WireUp\WireUp.csproj", "{C075F501-8671-42D0-B051-789A576E08A9}"
EndProject
Project("{FAE04EC0-301F-11D3-BF4B-00C04F79EFBC}") = "DomainServices", "DomainServices\DomainServices.csproj", "{29AB2D77-7D4B-4432-A1EB-5D3FDB4D2DD6}"
EndProject
Project("{FAE04EC0-301F-11D3-BF4B-00C04F79EFBC}") = "DomainModel", "DomainModel\DomainModel.csproj", "{F2CB6250-A7A9-43B3-89B5-E0AD0DD357BD}"
EndProject
Global
	GlobalSection(SolutionConfigurationPlatforms) = preSolution
		Debug|Any CPU = Debug|Any CPU
		Release|Any CPU = Release|Any CPU
	EndGlobalSection
	GlobalSection(ProjectConfigurationPlatforms) = postSolution
		{C075F501-8671-42D0-B051-789A576E08A9}.Debug|Any CPU.ActiveCfg = Debug|Any CPU
		{C075F501-8671-42D0-B051-789A576E08A9}.Debug|Any CPU.Build.0 = Debug|Any CPU
		{C075F501-8671-42D0-B051-789A576E08A9}.Release|Any CPU.ActiveCfg = Release|Any CPU
		{C075F501-8671-42D0-B051-789A576E08A9}.Release|Any CPU.Build.0 = Release|Any CPU
		{29AB2D77-7D4B-4432-A1EB-5D3FDB4D2DD6}.Debug|Any CPU.ActiveCfg = Debug|Any CPU
		{29AB2D77-7D4B-4432-A1EB-5D3FDB4D2DD6}.Debug|Any CPU.Build.0 = Debug|Any CPU
		{29AB2D77-7D4B-4432-A1EB-5D3FDB4D2DD6}.Release|Any CPU.ActiveCfg = Release|Any CPU
		{29AB2D77-7D4B-4432-A1EB-5D3FDB4D2DD6}.Release|Any CPU.Build.0 = Release|Any CPU
		{F2CB6250-A7A9-43B3-89B5-E0AD0DD357BD}.Debug|Any CPU.ActiveCfg = Debug|Any CPU
		{F2CB6250-A7A9-43B3-89B5-E0AD0DD357BD}.Debug|Any CPU.Build.0 = Debug|Any CPU
		{F2CB6250-A7A9-43B3-89B5-E0AD0DD357BD}.Release|Any CPU.ActiveCfg = Release|Any CPU
		{F2CB6250-A7A9-43B3-89B5-E0AD0DD357BD}.Release|Any CPU.Build.0 = Release|Any CPU
	EndGlobalSection
	GlobalSection(SolutionProperties) = preSolution
		HideSolutionNode = FALSE
	EndGlobalSection
	GlobalSection(ExtensibilityGlobals) = postSolution
		SolutionGuid = {C50912B8-01BC-43E4-9BFC-582F8A8074E2}
	EndGlobalSection
EndGlobal
