
Microsoft Visual Studio Solution File, Format Version 12.00
# Visual Studio 15
VisualStudioVersion = 15.0.27004.2006
MinimumVisualStudioVersion = 10.0.40219.1
Project("{FAE04EC0-301F-11D3-BF4B-00C04F79EFBC}") = "EF.Usage", "EF.Usage\EF.Usage.csproj", "{91E4697F-9748-4933-8117-0F87E44B204F}"
EndProject
Project("{FAE04EC0-301F-11D3-BF4B-00C04F79EFBC}") = "Tests", "Tests\Tests.csproj", "{0D3B2F1D-A020-46C9-AA43-08B9F2BC794E}"
EndProject
Global
	GlobalSection(SolutionConfigurationPlatforms) = preSolution
		Debug|Any CPU = Debug|Any CPU
		Release|Any CPU = Release|Any CPU
	EndGlobalSection
	GlobalSection(ProjectConfigurationPlatforms) = postSolution
		{91E4697F-9748-4933-8117-0F87E44B204F}.Debug|Any CPU.ActiveCfg = Debug|Any CPU
		{91E4697F-9748-4933-8117-0F87E44B204F}.Debug|Any CPU.Build.0 = Debug|Any CPU
		{91E4697F-9748-4933-8117-0F87E44B204F}.Release|Any CPU.ActiveCfg = Release|Any CPU
		{91E4697F-9748-4933-8117-0F87E44B204F}.Release|Any CPU.Build.0 = Release|Any CPU
		{0D3B2F1D-A020-46C9-AA43-08B9F2BC794E}.Debug|Any CPU.ActiveCfg = Debug|Any CPU
		{0D3B2F1D-A020-46C9-AA43-08B9F2BC794E}.Debug|Any CPU.Build.0 = Debug|Any CPU
		{0D3B2F1D-A020-46C9-AA43-08B9F2BC794E}.Release|Any CPU.ActiveCfg = Release|Any CPU
		{0D3B2F1D-A020-46C9-AA43-08B9F2BC794E}.Release|Any CPU.Build.0 = Release|Any CPU
	EndGlobalSection
	GlobalSection(SolutionProperties) = preSolution
		HideSolutionNode = FALSE
	EndGlobalSection
	GlobalSection(ExtensibilityGlobals) = postSolution
		SolutionGuid = {3CA4CEC6-792D-443D-9EB4-85C9B45B767D}
	EndGlobalSection
EndGlobal
